github.com/Masterminds/semver/v3 v3.1.1 h1:hLg3sBzpNErnxhQtUy/mmLR2I9foDujNK030IGemrRc=
github.com/Masterminds/semver/v3 v3.1.1/go.mod h1:VPu/7SZ7ePZ3QOrcuXROw5FAcLl4a0cBrbBpGY/8hQs=
github.com/aws/constructs-go/constructs/v3 v3.3.161 h1:Arf2cQj/OEnhCReTi+BjZY+eFE9Y8YaFbhjBwhv/bAA=
github.com/aws/constructs-go/constructs/v3 v3.3.161/go.mod h1:WZTWthWVg5OOc+NtreIdMCpbj1AMovsg7TLWHzX4E7A=
github.com/aws/constructs-go/constructs/v3 v3.3.177/go.mod h1:HgATZFDlEyj2lDnjleT22YKImS307uZyh3fyMkkjw8Y=
github.com/aws/constructs-go/constructs/v3 v3.3.178 h1:3ZiePc2MHzJTtLEcT77luqc4aSI6mlkO7KVBZmf0tas=
github.com/aws/constructs-go/constructs/v3 v3.3.178/go.mod h1:HgATZFDlEyj2lDnjleT22YKImS307uZyh3fyMkkjw8Y=
github.com/aws/jsii-runtime-go v1.37.0/go.mod h1:6tZnlstx8bAB3vnLFF9n8bbkI//LDblAek9zFyMXV3E=
github.com/aws/jsii-runtime-go v1.43.0 h1:eXSSry7VYHUDU0u64cIY0OYTKxB5S9BYJ1vCTYBdqyc=
github.com/aws/jsii-runtime-go v1.43.0/go.mod h1:6tZnlstx8bAB3vnLFF9n8bbkI//LDblAek9zFyMXV3E=
github.com/aws/jsii-runtime-go v1.50.0 h1:HT96p8bIkG4Be56pgHUeN+QydnGJTB+VBYd6ouVBWN0=
github.com/aws/jsii-runtime-go v1.50.0/go.mod h1:6tZnlstx8bAB3vnLFF9n8bbkI//LDblAek9zFyMXV3E=
github.com/cdk8s-team/cdk8s-core-go/cdk8s v1.1.28 h1:5dAb/5G7vuGuFKGVLjxQFrgezQrTyt2LmRcZ9R8Jb7A=
github.com/cdk8s-team/cdk8s-core-go/cdk8s v1.1.28/go.mod h1:E+3whLC7Re1Cu4oT7dU0OiZMhAx+bA2dmOZL5LGJ1vI=
github.com/cdk8s-team/cdk8s-core-go/cdk8s v1.3.24/go.mod h1:xXqoFLfIVFbjY7WWyKl06PGV3gxIQUzBrbkNTz0sZEc=
github.com/cdk8s-team/cdk8s-core-go/cdk8s v1.3.25 h1:TI2vcrxNvYbaG3+d9EV4LfVzn6sbcE0drLSr7CM68bQ=
github.com/cdk8s-team/cdk8s-core-go/cdk8s v1.3.25/go.mod h1:oVBzmw65O/gh8rw+DN2C8GSPAjV1VqZIV8MjCBP6bHs=
github.com/cdk8s-team/cdk8s-plus-go/cdk8splus22 v1.0.0-beta.37 h1:alzoPFLDvnHZaORgvG/QTBAw4W/OsAJo2RWv805EEAE=
github.com/cdk8s-team/cdk8s-plus-go/cdk8splus22 v1.0.0-beta.37/go.mod h1:jWgr6/BfUzsXWHLPKrvZcDNklKbXQXMcm08kX+ys5WQ=
github.com/cdk8s-team/cdk8s-plus-go/cdk8splus22 v1.0.0-beta.78 h1:/o4n3w/8wi0RWYDpJsngZzCJi8va1IB1e9Xco/Xqp7s=
github.com/cdk8s-team/cdk8s-plus-go/cdk8splus22 v1.0.0-beta.78/go.mod h1:KbiRKWO1SxAdP5BckLtP1nNS0StQb+++LooF95g5KP0=
github.com/davecgh/go-spew v1.1.0 h1:ZDRjVQ15GmhC3fiQ8ni8+OwkZQO4DARzQgrnXU1Liz8=
github.com/davecgh/go-spew v1.1.0/go.mod h1:J7Y8YcW2NihsgmVo/mv3lAwl/skON4iLHjSsI+c5H38=
github.com/pmezard/go-difflib v1.0.0 h1:4DBwDE0NGyQoBHbLQYPwSUPoCMWR5BEzIk/f1lZbAQM=
github.com/pmezard/go-difflib v1.0.0/go.mod h1:iKH77koFhYxTK1pcRnkKkqfTogsbg7gZNVY4sRDYZ/4=
github.com/stretchr/objx v0.1.0 h1:4G4v2dO3VZwixGIRoQ5Lfboy6nUhCyYzaqnIAPPhYs4=
github.com/stretchr/objx v0.1.0/go.mod h1:HFkY916IF+rwdDfMAkV7OtwuqBVzrE8GR6GFx+wExME=
github.com/stretchr/testify v1.7.0 h1:nwc3DEeHmmLAfoZucVR881uASk0Mfjw8xYJ99tb5CcY=
github.com/stretchr/testify v1.7.0/go.mod h1:6Fq8oRcR53rry900zMqJjRRixrwX3KX962/h/Wwjteg=
gopkg.in/check.v1 v0.0.0-20161208181325-20d25e280405 h1:yhCVgyC4o1eVCa2tZl7eS0r+SDo693bJlVdllGtEeKM=
gopkg.in/check.v1 v0.0.0-20161208181325-20d25e280405/go.mod h1:Co6ibVJAznAaIkqp8huTwlJQCZ016jof/cbN4VW5Yz0=
gopkg.in/yaml.v3 v3.0.0-20200313102051-9f266ea9e77c h1:dUUwHk2QECo/6vqA44rthZ8ie2QXMNeKRTHCNY2nXvo=
gopkg.in/yaml.v3 v3.0.0-20200313102051-9f266ea9e77c/go.mod h1:K4uyk7z7BCEPqu6E+C64Yfv1cQ7kz7rIZviUmN+EgEM=
