{
    "_meta": {
        "hash": {
            "sha256": "126b9cf5b20467ec56b01352f6528db03ce89e48b0d7503e6c0afc01b253ee00"
        },
        "pipfile-spec": 6,
        "requires": {
            "python_version": "3.7"
        },
        "sources": [
            {
                "name": "pypi",
                "url": "https://pypi.org/simple",
                "verify_ssl": true
            }
        ]
    },
    "default": {
        "attrs": {
            "hashes": [
                "sha256:08a96c641c3a74e44eb59afb61a24f2cb9f4d7188748e76ba4bb5edfa3cb7d1c",
                "sha256:f7b7ce16570fe9965acd6d30101a28f62fb4a7f9e926b3bbc9b61f8b04247e72"
            ],
            "version": "==19.3.0"
        },
        "cattrs": {
            "hashes": [
                "sha256:616972ae3dfa6e623a40ad3cb845420e64942989152774ab055e5c2b2f89f997",
                "sha256:b7ab5cf8ad127c42eefd01410c1c6e28569a45a255ea80ed968511873c433c7a"
            ],
            "version": "==1.0.0"
        },
        "cdk8s": {
            "hashes": [
                "sha256:12c23e0a797756fa318cf582fa67d3998b30afa53a021b29f3619f948a462ed0",
                "sha256:ab3f7ecd6f1b60242b2fa35c6385eb96245e1c8885e22af8e136ce45e69a90ec"
            ],
            "index": "pypi",
            "version": "==0.17.0"
        },
        "constructs": {
            "hashes": [
                "sha256:078b4d2257f3f7277e8413c43337d91eddf8d214e6255f7daaf0bb54a8f79e7c",
                "sha256:bfa62be5b10a64cbc9b8e6c0f27ceb6015699ff72f470c985acdf82ff94b70d5"
            ],
            "version": "==2.0.1"
        },
        "jsii": {
            "hashes": [
                "sha256:30ac1c704641363084bf752d8592a144f4a1cb35f7d03adcb0ae6c80ef6394f1",
                "sha256:77787b0ece3df3b01eec73ca870628b7a9fbc0068315a99ea8098979596e6861"
            ],
            "version": "==1.1.0"
        },
        "publication": {
            "hashes": [
                "sha256:0248885351febc11d8a1098d5c8e3ab2dabcf3e8c0c96db1e17ecd12b53afbe6",
                "sha256:68416a0de76dddcdd2930d1c8ef853a743cc96c82416c4e4d3b5d901c6276dc4"
            ],
            "version": "==0.0.3"
        },
        "python-dateutil": {
            "hashes": [
                "sha256:73ebfe9dbf22e832286dafa60473e4cd239f8592f699aa5adaf10050e6e1823c",
                "sha256:75bb3f31ea686f1197762692a9ee6a7550b59fc6ca3a1f4b5d7e32fb98e2da2a"
            ],
            "version": "==2.8.1"
        },
        "six": {
            "hashes": [
                "sha256:236bdbdce46e6e6a3d61a337c0f8b763ca1e8717c03b369e87a7ec7ce1319c0a",
                "sha256:8f3cd2e254d8f793e7f3d6d9df77b92252b52637291d0f0da013c76ea2724b6c"
            ],
            "version": "==1.14.0"
        },
        "typing-extensions": {
            "hashes": [
                "sha256:6e95524d8a547a91e08f404ae485bbb71962de46967e1b71a0cb89af24e761c5",
                "sha256:79ee589a3caca649a9bfd2a8de4709837400dfa00b6cc81962a1e6a1815969ae",
                "sha256:f8d2bd89d25bc39dabe7d23df520442fa1d8969b82544370e03d88b5a591c392"
            ],
            "version": "==3.7.4.2"
        }
    },
    "develop": {}
}
